
Microsoft Visual Studio Solution File, Format Version 12.00
# Visual Studio 14
VisualStudioVersion = 14.0.25420.1
MinimumVisualStudioVersion = 10.0.40219.1
Project("{FAE04EC0-301F-11D3-BF4B-00C04F79EFBC}") = "DreamVault", "DreamVault\DreamVault.csproj", "{9D0FA975-E880-4B57-85B1-8BBF9B6FC461}"
EndProject
Project("{FAE04EC0-301F-11D3-BF4B-00C04F79EFBC}") = "DreamVaultTest", "DreamVaultTest\DreamVaultTest.csproj", "{83242B43-80B2-40D9-8D55-5D5E7C907387}"
EndProject
Global
	GlobalSection(SolutionConfigurationPlatforms) = preSolution
		Debug|Any CPU = Debug|Any CPU
		Release|Any CPU = Release|Any CPU
	EndGlobalSection
	GlobalSection(ProjectConfigurationPlatforms) = postSolution
		{9D0FA975-E880-4B57-85B1-8BBF9B6FC461}.Debug|Any CPU.ActiveCfg = Debug|Any CPU
		{9D0FA975-E880-4B57-85B1-8BBF9B6FC461}.Debug|Any CPU.Build.0 = Debug|Any CPU
		{9D0FA975-E880-4B57-85B1-8BBF9B6FC461}.Release|Any CPU.ActiveCfg = Release|Any CPU
		{9D0FA975-E880-4B57-85B1-8BBF9B6FC461}.Release|Any CPU.Build.0 = Release|Any CPU
		{83242B43-80B2-40D9-8D55-5D5E7C907387}.Debug|Any CPU.ActiveCfg = Debug|Any CPU
		{83242B43-80B2-40D9-8D55-5D5E7C907387}.Debug|Any CPU.Build.0 = Debug|Any CPU
		{83242B43-80B2-40D9-8D55-5D5E7C907387}.Release|Any CPU.ActiveCfg = Release|Any CPU
		{83242B43-80B2-40D9-8D55-5D5E7C907387}.Release|Any CPU.Build.0 = Release|Any CPU
	EndGlobalSection
	GlobalSection(SolutionProperties) = preSolution
		HideSolutionNode = FALSE
	EndGlobalSection
EndGlobal
